
Microsoft Visual Studio Solution File, Format Version 12.00
# Visual Studio Version 17
VisualStudioVersion = 17.1.32228.430
MinimumVisualStudioVersion = 10.0.40219.1
Project("{888888A0-9F3D-457C-B088-3A5042F75D52}") = "Assignment_9", "Assignment_9\Assignment_9.pyproj", "{ED960272-2541-4FE6-AD07-30270BAA737D}"
EndProject
Global
	GlobalSection(SolutionConfigurationPlatforms) = preSolution
		Debug|Any CPU = Debug|Any CPU
		Release|Any CPU = Release|Any CPU
	EndGlobalSection
	GlobalSection(ProjectConfigurationPlatforms) = postSolution
		{ED960272-2541-4FE6-AD07-30270BAA737D}.Debug|Any CPU.ActiveCfg = Debug|Any CPU
		{ED960272-2541-4FE6-AD07-30270BAA737D}.Release|Any CPU.ActiveCfg = Release|Any CPU
	EndGlobalSection
	GlobalSection(SolutionProperties) = preSolution
		HideSolutionNode = FALSE
	EndGlobalSection
	GlobalSection(ExtensibilityGlobals) = postSolution
		SolutionGuid = {F1C6EB1D-30A4-494E-93E6-DDB88A2BD529}
	EndGlobalSection
EndGlobal
